// !$*UTF8*$!
{
	archiveVersion = 1;
	classes = {
	};
	objectVersion = 46;
	objects = {

/* Begin PBXBuildFile section */
		FC9A0EC01E4B819400AD9A35 /* RxDataSources.framework in Frameworks */ = {isa = PBXBuildFile; fileRef = FC9A0EBF1E4B819400AD9A35 /* RxDataSources.framework */; };
		FC9A0EC41E4BD11900AD9A35 /* 1-tone.caf in Resources */ = {isa = PBXBuildFile; fileRef = FC9A0EC11E4BD11900AD9A35 /* 1-tone.caf */; };
		FC9A0EC51E4BD11900AD9A35 /* 2-tones.caf in Resources */ = {isa = PBXBuildFile; fileRef = FC9A0EC21E4BD11900AD9A35 /* 2-tones.caf */; };
		FC9A0EC61E4BD11900AD9A35 /* 8-tones.caf in Resources */ = {isa = PBXBuildFile; fileRef = FC9A0EC31E4BD11900AD9A35 /* 8-tones.caf */; };
		FC9A0ECA1E4BD87600AD9A35 /* Fabric.framework in Frameworks */ = {isa = PBXBuildFile; fileRef = FC9A0EC81E4BD87600AD9A35 /* Fabric.framework */; };
		FC9A0ECB1E4BD87600AD9A35 /* Crashlytics.framework in Frameworks */ = {isa = PBXBuildFile; fileRef = FC9A0EC91E4BD87600AD9A35 /* Crashlytics.framework */; };
		FCACD48D1E4B39C300550FD3 /* Model.swift in Sources */ = {isa = PBXBuildFile; fileRef = FCACD48C1E4B39C300550FD3 /* Model.swift */; };
		FCE0B6021E4B685D00D03176 /* ShipTableViewController.swift in Sources */ = {isa = PBXBuildFile; fileRef = FCE0B5FF1E4B685D00D03176 /* ShipTableViewController.swift */; };
		FCE0B6031E4B685D00D03176 /* ViewController.swift in Sources */ = {isa = PBXBuildFile; fileRef = FCE0B6001E4B685D00D03176 /* ViewController.swift */; };
		FCE0B6051E4B687400D03176 /* AppDelegate.swift in Sources */ = {isa = PBXBuildFile; fileRef = FCE0B6041E4B687400D03176 /* AppDelegate.swift */; };
		FCE21B061E4B33840080BC06 /* Main.storyboard in Resources */ = {isa = PBXBuildFile; fileRef = FCE21B041E4B33840080BC06 /* Main.storyboard */; };
		FCE21B081E4B33840080BC06 /* Assets.xcassets in Resources */ = {isa = PBXBuildFile; fileRef = FCE21B071E4B33840080BC06 /* Assets.xcassets */; };
		FCE21B0B1E4B33840080BC06 /* LaunchScreen.storyboard in Resources */ = {isa = PBXBuildFile; fileRef = FCE21B091E4B33840080BC06 /* LaunchScreen.storyboard */; };
		FCE21B131E4B33DC0080BC06 /* Smoke.json in Resources */ = {isa = PBXBuildFile; fileRef = FCE21B121E4B33DC0080BC06 /* Smoke.json */; };
		FCE21B1A1E4B35770080BC06 /* RxBlocking.framework in Frameworks */ = {isa = PBXBuildFile; fileRef = FCE21B161E4B35770080BC06 /* RxBlocking.framework */; };
		FCE21B1B1E4B35770080BC06 /* RxCocoa.framework in Frameworks */ = {isa = PBXBuildFile; fileRef = FCE21B171E4B35770080BC06 /* RxCocoa.framework */; };
		FCE21B1C1E4B35770080BC06 /* RxSwift.framework in Frameworks */ = {isa = PBXBuildFile; fileRef = FCE21B181E4B35770080BC06 /* RxSwift.framework */; };
		FCE21B211E4B37A70080BC06 /* Ship.swift in Sources */ = {isa = PBXBuildFile; fileRef = FCE21B201E4B37A70080BC06 /* Ship.swift */; };
/* End PBXBuildFile section */

/* Begin PBXFileReference section */
		FC9A0EBF1E4B819400AD9A35 /* RxDataSources.framework */ = {isa = PBXFileReference; lastKnownFileType = wrapper.framework; name = RxDataSources.framework; path = Carthage/Build/iOS/RxDataSources.framework; sourceTree = "<group>"; };
		FC9A0EC11E4BD11900AD9A35 /* 1-tone.caf */ = {isa = PBXFileReference; lastKnownFileType = file; path = "1-tone.caf"; sourceTree = "<group>"; };
		FC9A0EC21E4BD11900AD9A35 /* 2-tones.caf */ = {isa = PBXFileReference; lastKnownFileType = file; path = "2-tones.caf"; sourceTree = "<group>"; };
		FC9A0EC31E4BD11900AD9A35 /* 8-tones.caf */ = {isa = PBXFileReference; lastKnownFileType = file; path = "8-tones.caf"; sourceTree = "<group>"; };
		FC9A0EC81E4BD87600AD9A35 /* Fabric.framework */ = {isa = PBXFileReference; lastKnownFileType = wrapper.framework; path = Fabric.framework; sourceTree = "<group>"; };
		FC9A0EC91E4BD87600AD9A35 /* Crashlytics.framework */ = {isa = PBXFileReference; lastKnownFileType = wrapper.framework; path = Crashlytics.framework; sourceTree = "<group>"; };
		FCACD48C1E4B39C300550FD3 /* Model.swift */ = {isa = PBXFileReference; fileEncoding = 4; lastKnownFileType = sourcecode.swift; name = Model.swift; path = Source/Model.swift; sourceTree = "<group>"; };
		FCE0B5FF1E4B685D00D03176 /* ShipTableViewController.swift */ = {isa = PBXFileReference; fileEncoding = 4; lastKnownFileType = sourcecode.swift; path = ShipTableViewController.swift; sourceTree = "<group>"; };
		FCE0B6001E4B685D00D03176 /* ViewController.swift */ = {isa = PBXFileReference; fileEncoding = 4; lastKnownFileType = sourcecode.swift; path = ViewController.swift; sourceTree = "<group>"; };
		FCE0B6041E4B687400D03176 /* AppDelegate.swift */ = {isa = PBXFileReference; fileEncoding = 4; lastKnownFileType = sourcecode.swift; path = AppDelegate.swift; sourceTree = "<group>"; };
		FCE21AFD1E4B33840080BC06 /* Rauchzeit.app */ = {isa = PBXFileReference; explicitFileType = wrapper.application; includeInIndex = 0; path = Rauchzeit.app; sourceTree = BUILT_PRODUCTS_DIR; };
		FCE21B051E4B33840080BC06 /* Base */ = {isa = PBXFileReference; lastKnownFileType = file.storyboard; name = Base; path = Base.lproj/Main.storyboard; sourceTree = "<group>"; };
		FCE21B071E4B33840080BC06 /* Assets.xcassets */ = {isa = PBXFileReference; lastKnownFileType = folder.assetcatalog; path = Assets.xcassets; sourceTree = "<group>"; };
		FCE21B0A1E4B33840080BC06 /* Base */ = {isa = PBXFileReference; lastKnownFileType = file.storyboard; name = Base; path = Base.lproj/LaunchScreen.storyboard; sourceTree = "<group>"; };
		FCE21B0C1E4B33840080BC06 /* Info.plist */ = {isa = PBXFileReference; lastKnownFileType = text.plist.xml; path = Info.plist; sourceTree = "<group>"; };
		FCE21B121E4B33DC0080BC06 /* Smoke.json */ = {isa = PBXFileReference; fileEncoding = 4; lastKnownFileType = text.json; path = Smoke.json; sourceTree = "<group>"; };
		FCE21B161E4B35770080BC06 /* RxBlocking.framework */ = {isa = PBXFileReference; lastKnownFileType = wrapper.framework; name = RxBlocking.framework; path = Carthage/Build/iOS/RxBlocking.framework; sourceTree = "<group>"; };
		FCE21B171E4B35770080BC06 /* RxCocoa.framework */ = {isa = PBXFileReference; lastKnownFileType = wrapper.framework; name = RxCocoa.framework; path = Carthage/Build/iOS/RxCocoa.framework; sourceTree = "<group>"; };
		FCE21B181E4B35770080BC06 /* RxSwift.framework */ = {isa = PBXFileReference; lastKnownFileType = wrapper.framework; name = RxSwift.framework; path = Carthage/Build/iOS/RxSwift.framework; sourceTree = "<group>"; };
		FCE21B201E4B37A70080BC06 /* Ship.swift */ = {isa = PBXFileReference; fileEncoding = 4; lastKnownFileType = sourcecode.swift; name = Ship.swift; path = Source/Ship.swift; sourceTree = "<group>"; };
/* End PBXFileReference section */

/* Begin PBXFrameworksBuildPhase section */
		FCE21AFA1E4B33840080BC06 /* Frameworks */ = {
			isa = PBXFrameworksBuildPhase;
			buildActionMask = 2147483647;
			files = (
				FCE21B1B1E4B35770080BC06 /* RxCocoa.framework in Frameworks */,
				FC9A0ECA1E4BD87600AD9A35 /* Fabric.framework in Frameworks */,
				FCE21B1A1E4B35770080BC06 /* RxBlocking.framework in Frameworks */,
				FCE21B1C1E4B35770080BC06 /* RxSwift.framework in Frameworks */,
				FC9A0ECB1E4BD87600AD9A35 /* Crashlytics.framework in Frameworks */,
				FC9A0EC01E4B819400AD9A35 /* RxDataSources.framework in Frameworks */,
			);
			runOnlyForDeploymentPostprocessing = 0;
		};
/* End PBXFrameworksBuildPhase section */

/* Begin PBXGroup section */
		FCACD48B1E4B39AB00550FD3 /* Source */ = {
			isa = PBXGroup;
			children = (
				FCE21B201E4B37A70080BC06 /* Ship.swift */,
				FCACD48C1E4B39C300550FD3 /* Model.swift */,
			);
			name = Source;
			sourceTree = "<group>";
		};
		FCE0B5FD1E4B685D00D03176 /* View Controllers */ = {
			isa = PBXGroup;
			children = (
				FCE0B5FF1E4B685D00D03176 /* ShipTableViewController.swift */,
				FCE0B6001E4B685D00D03176 /* ViewController.swift */,
			);
			path = "View Controllers";
			sourceTree = "<group>";
		};
		FCE21AF41E4B33840080BC06 = {
			isa = PBXGroup;
			children = (
				FCE21B151E4B35630080BC06 /* Frameworks */,
				FCE21AFF1E4B33840080BC06 /* Rauchzeit */,
				FCE21AFE1E4B33840080BC06 /* Products */,
			);
			sourceTree = "<group>";
		};
		FCE21AFE1E4B33840080BC06 /* Products */ = {
			isa = PBXGroup;
			children = (
				FCE21AFD1E4B33840080BC06 /* Rauchzeit.app */,
			);
			name = Products;
			sourceTree = "<group>";
		};
		FCE21AFF1E4B33840080BC06 /* Rauchzeit */ = {
			isa = PBXGroup;
			children = (
				FC9A0EC11E4BD11900AD9A35 /* 1-tone.caf */,
				FC9A0EC21E4BD11900AD9A35 /* 2-tones.caf */,
				FC9A0EC31E4BD11900AD9A35 /* 8-tones.caf */,
				FCE0B6041E4B687400D03176 /* AppDelegate.swift */,
				FCE21B071E4B33840080BC06 /* Assets.xcassets */,
				FCE21B0C1E4B33840080BC06 /* Info.plist */,
				FCE21B091E4B33840080BC06 /* LaunchScreen.storyboard */,
				FCE21B041E4B33840080BC06 /* Main.storyboard */,
				FCE21B121E4B33DC0080BC06 /* Smoke.json */,
				FCACD48B1E4B39AB00550FD3 /* Source */,
				FCE0B5FD1E4B685D00D03176 /* View Controllers */,
			);
			path = Rauchzeit;
			sourceTree = "<group>";
		};
		FCE21B151E4B35630080BC06 /* Frameworks */ = {
			isa = PBXGroup;
			children = (
				FC9A0EC81E4BD87600AD9A35 /* Fabric.framework */,
				FC9A0EC91E4BD87600AD9A35 /* Crashlytics.framework */,
				FC9A0EBF1E4B819400AD9A35 /* RxDataSources.framework */,
				FCE21B161E4B35770080BC06 /* RxBlocking.framework */,
				FCE21B171E4B35770080BC06 /* RxCocoa.framework */,
				FCE21B181E4B35770080BC06 /* RxSwift.framework */,
			);
			name = Frameworks;
			sourceTree = "<group>";
		};
/* End PBXGroup section */

/* Begin PBXNativeTarget section */
		FCE21AFC1E4B33840080BC06 /* Rauchzeit */ = {
			isa = PBXNativeTarget;
			buildConfigurationList = FCE21B0F1E4B33840080BC06 /* Build configuration list for PBXNativeTarget "Rauchzeit" */;
			buildPhases = (
				FCE21AF91E4B33840080BC06 /* Sources */,
				FCE21AFA1E4B33840080BC06 /* Frameworks */,
				FCE21AFB1E4B33840080BC06 /* Resources */,
				FCE21B141E4B35000080BC06 /* Carthage */,
				FC9A0EC71E4BD84600AD9A35 /* Fabric */,
				FC53D4D41E4CE9570059311D /* Build Increment */,
			);
			buildRules = (
			);
			dependencies = (
			);
			name = Rauchzeit;
			productName = Rauchzeit;
			productReference = FCE21AFD1E4B33840080BC06 /* Rauchzeit.app */;
			productType = "com.apple.product-type.application";
		};
/* End PBXNativeTarget section */

/* Begin PBXProject section */
		FCE21AF51E4B33840080BC06 /* Project object */ = {
			isa = PBXProject;
			attributes = {
				LastSwiftUpdateCheck = 0830;
				LastUpgradeCheck = 0830;
				ORGANIZATIONNAME = "BVR, LLC";
				TargetAttributes = {
					FCE21AFC1E4B33840080BC06 = {
						CreatedOnToolsVersion = 8.3;
						DevelopmentTeam = 2UJ5F4MU5U;
						ProvisioningStyle = Automatic;
					};
				};
			};
			buildConfigurationList = FCE21AF81E4B33840080BC06 /* Build configuration list for PBXProject "Rauchzeit" */;
			compatibilityVersion = "Xcode 3.2";
			developmentRegion = English;
			hasScannedForEncodings = 0;
			knownRegions = (
				en,
				Base,
			);
			mainGroup = FCE21AF41E4B33840080BC06;
			productRefGroup = FCE21AFE1E4B33840080BC06 /* Products */;
			projectDirPath = "";
			projectRoot = "";
			targets = (
				FCE21AFC1E4B33840080BC06 /* Rauchzeit */,
			);
		};
/* End PBXProject section */

/* Begin PBXResourcesBuildPhase section */
		FCE21AFB1E4B33840080BC06 /* Resources */ = {
			isa = PBXResourcesBuildPhase;
			buildActionMask = 2147483647;
			files = (
				FCE21B0B1E4B33840080BC06 /* LaunchScreen.storyboard in Resources */,
				FC9A0EC51E4BD11900AD9A35 /* 2-tones.caf in Resources */,
				FCE21B131E4B33DC0080BC06 /* Smoke.json in Resources */,
				FC9A0EC61E4BD11900AD9A35 /* 8-tones.caf in Resources */,
				FC9A0EC41E4BD11900AD9A35 /* 1-tone.caf in Resources */,
				FCE21B081E4B33840080BC06 /* Assets.xcassets in Resources */,
				FCE21B061E4B33840080BC06 /* Main.storyboard in Resources */,
			);
			runOnlyForDeploymentPostprocessing = 0;
		};
/* End PBXResourcesBuildPhase section */

/* Begin PBXShellScriptBuildPhase section */
		FC53D4D41E4CE9570059311D /* Build Increment */ = {
			isa = PBXShellScriptBuildPhase;
			buildActionMask = 2147483647;
			files = (
			);
			inputPaths = (
			);
			name = "Build Increment";
			outputPaths = (
			);
			runOnlyForDeploymentPostprocessing = 0;
			shellPath = /bin/sh;
			shellScript = "buildNumber=$(/usr/libexec/PlistBuddy -c \"Print CFBundleVersion\" \"${PROJECT_DIR}/${INFOPLIST_FILE}\")\nbuildNumber=$(($buildNumber + 1))\n/usr/libexec/PlistBuddy -c \"Set :CFBundleVersion $buildNumber\" \"${PROJECT_DIR}/${INFOPLIST_FILE}\"";
		};
		FC9A0EC71E4BD84600AD9A35 /* Fabric */ = {
			isa = PBXShellScriptBuildPhase;
			buildActionMask = 2147483647;
			files = (
			);
			inputPaths = (
			);
			name = Fabric;
			outputPaths = (
			);
			runOnlyForDeploymentPostprocessing = 0;
			shellPath = /bin/sh;
			shellScript = "./Fabric.framework/run 7dee18ac0ff6fefd4a1efc2a3cb3eed76989cd87 ae424e6da49cd223becd901e6970bdb0c00e8b3b45a5f9c19e1bd8076f3874ee";
		};
		FCE21B141E4B35000080BC06 /* Carthage */ = {
			isa = PBXShellScriptBuildPhase;
			buildActionMask = 2147483647;
			files = (
			);
			inputPaths = (
				"$(SRCROOT)/Carthage/Build/iOS/RxBlocking.framework",
				"$(SRCROOT)/Carthage/Build/iOS/RxCocoa.framework",
				"$(SRCROOT)/Carthage/Build/iOS/RxSwift.framework",
				"$(SRCROOT)/Carthage/Build/iOS/RxDataSources.framework",
			);
			name = Carthage;
			outputPaths = (
			);
			runOnlyForDeploymentPostprocessing = 0;
			shellPath = /bin/sh;
			shellScript = "/usr/local/bin/carthage copy-frameworks";
		};
/* End PBXShellScriptBuildPhase section */

/* Begin PBXSourcesBuildPhase section */
		FCE21AF91E4B33840080BC06 /* Sources */ = {
			isa = PBXSourcesBuildPhase;
			buildActionMask = 2147483647;
			files = (
				FCE0B6051E4B687400D03176 /* AppDelegate.swift in Sources */,
				FCE0B6021E4B685D00D03176 /* ShipTableViewController.swift in Sources */,
				FCE21B211E4B37A70080BC06 /* Ship.swift in Sources */,
				FCE0B6031E4B685D00D03176 /* ViewController.swift in Sources */,
				FCACD48D1E4B39C300550FD3 /* Model.swift in Sources */,
			);
			runOnlyForDeploymentPostprocessing = 0;
		};
/* End PBXSourcesBuildPhase section */

/* Begin PBXVariantGroup section */
		FCE21B041E4B33840080BC06 /* Main.storyboard */ = {
			isa = PBXVariantGroup;
			children = (
				FCE21B051E4B33840080BC06 /* Base */,
			);
			name = Main.storyboard;
			sourceTree = "<group>";
		};
		FCE21B091E4B33840080BC06 /* LaunchScreen.storyboard */ = {
			isa = PBXVariantGroup;
			children = (
				FCE21B0A1E4B33840080BC06 /* Base */,
			);
			name = LaunchScreen.storyboard;
			sourceTree = "<group>";
		};
/* End PBXVariantGroup section */

/* Begin XCBuildConfiguration section */
		FCE21B0D1E4B33840080BC06 /* Debug */ = {
			isa = XCBuildConfiguration;
			buildSettings = {
				ALWAYS_SEARCH_USER_PATHS = NO;
				CLANG_ANALYZER_NONNULL = YES;
				CLANG_ANALYZER_NUMBER_OBJECT_CONVERSION = YES_AGGRESSIVE;
				CLANG_CXX_LANGUAGE_STANDARD = "gnu++0x";
				CLANG_CXX_LIBRARY = "libc++";
				CLANG_ENABLE_MODULES = YES;
				CLANG_ENABLE_OBJC_ARC = YES;
				CLANG_WARN_BOOL_CONVERSION = YES;
				CLANG_WARN_CONSTANT_CONVERSION = YES;
				CLANG_WARN_DIRECT_OBJC_ISA_USAGE = YES_ERROR;
				CLANG_WARN_DOCUMENTATION_COMMENTS = YES;
				CLANG_WARN_EMPTY_BODY = YES;
				CLANG_WARN_ENUM_CONVERSION = YES;
				CLANG_WARN_INFINITE_RECURSION = YES;
				CLANG_WARN_INT_CONVERSION = YES;
				CLANG_WARN_OBJC_ROOT_CLASS = YES_ERROR;
				CLANG_WARN_SUSPICIOUS_MOVE = YES;
				CLANG_WARN_UNREACHABLE_CODE = YES;
				CLANG_WARN__DUPLICATE_METHOD_MATCH = YES;
				"CODE_SIGN_IDENTITY[sdk=iphoneos*]" = "iPhone Developer";
				COPY_PHASE_STRIP = NO;
				DEBUG_INFORMATION_FORMAT = dwarf;
				ENABLE_STRICT_OBJC_MSGSEND = YES;
				ENABLE_TESTABILITY = YES;
				GCC_C_LANGUAGE_STANDARD = gnu99;
				GCC_DYNAMIC_NO_PIC = NO;
				GCC_NO_COMMON_BLOCKS = YES;
				GCC_OPTIMIZATION_LEVEL = 0;
				GCC_PREPROCESSOR_DEFINITIONS = (
					"DEBUG=1",
					"$(inherited)",
				);
				GCC_WARN_64_TO_32_BIT_CONVERSION = YES;
				GCC_WARN_ABOUT_RETURN_TYPE = YES_ERROR;
				GCC_WARN_UNDECLARED_SELECTOR = YES;
				GCC_WARN_UNINITIALIZED_AUTOS = YES_AGGRESSIVE;
				GCC_WARN_UNUSED_FUNCTION = YES;
				GCC_WARN_UNUSED_VARIABLE = YES;
				IPHONEOS_DEPLOYMENT_TARGET = 10.2;
				MTL_ENABLE_DEBUG_INFO = YES;
				ONLY_ACTIVE_ARCH = YES;
				SDKROOT = iphoneos;
				SWIFT_ACTIVE_COMPILATION_CONDITIONS = DEBUG;
				SWIFT_OPTIMIZATION_LEVEL = "-Onone";
				TARGETED_DEVICE_FAMILY = "1,2";
			};
			name = Debug;
		};
		FCE21B0E1E4B33840080BC06 /* Release */ = {
			isa = XCBuildConfiguration;
			buildSettings = {
				ALWAYS_SEARCH_USER_PATHS = NO;
				CLANG_ANALYZER_NONNULL = YES;
				CLANG_ANALYZER_NUMBER_OBJECT_CONVERSION = YES_AGGRESSIVE;
				CLANG_CXX_LANGUAGE_STANDARD = "gnu++0x";
				CLANG_CXX_LIBRARY = "libc++";
				CLANG_ENABLE_MODULES = YES;
				CLANG_ENABLE_OBJC_ARC = YES;
				CLANG_WARN_BOOL_CONVERSION = YES;
				CLANG_WARN_CONSTANT_CONVERSION = YES;
				CLANG_WARN_DIRECT_OBJC_ISA_USAGE = YES_ERROR;
				CLANG_WARN_DOCUMENTATION_COMMENTS = YES;
				CLANG_WARN_EMPTY_BODY = YES;
				CLANG_WARN_ENUM_CONVERSION = YES;
				CLANG_WARN_INFINITE_RECURSION = YES;
				CLANG_WARN_INT_CONVERSION = YES;
				CLANG_WARN_OBJC_ROOT_CLASS = YES_ERROR;
				CLANG_WARN_SUSPICIOUS_MOVE = YES;
				CLANG_WARN_UNREACHABLE_CODE = YES;
				CLANG_WARN__DUPLICATE_METHOD_MATCH = YES;
				"CODE_SIGN_IDENTITY[sdk=iphoneos*]" = "iPhone Developer";
				COPY_PHASE_STRIP = NO;
				DEBUG_INFORMATION_FORMAT = "dwarf-with-dsym";
				ENABLE_NS_ASSERTIONS = NO;
				ENABLE_STRICT_OBJC_MSGSEND = YES;
				GCC_C_LANGUAGE_STANDARD = gnu99;
				GCC_NO_COMMON_BLOCKS = YES;
				GCC_WARN_64_TO_32_BIT_CONVERSION = YES;
				GCC_WARN_ABOUT_RETURN_TYPE = YES_ERROR;
				GCC_WARN_UNDECLARED_SELECTOR = YES;
				GCC_WARN_UNINITIALIZED_AUTOS = YES_AGGRESSIVE;
				GCC_WARN_UNUSED_FUNCTION = YES;
				GCC_WARN_UNUSED_VARIABLE = YES;
				IPHONEOS_DEPLOYMENT_TARGET = 10.2;
				MTL_ENABLE_DEBUG_INFO = NO;
				SDKROOT = iphoneos;
				SWIFT_OPTIMIZATION_LEVEL = "-Owholemodule";
				TARGETED_DEVICE_FAMILY = "1,2";
				VALIDATE_PRODUCT = YES;
			};
			name = Release;
		};
		FCE21B101E4B33840080BC06 /* Debug */ = {
			isa = XCBuildConfiguration;
			buildSettings = {
				ASSETCATALOG_COMPILER_APPICON_NAME = AppIcon;
				CODE_SIGN_IDENTITY = "iPhone Developer";
				"CODE_SIGN_IDENTITY[sdk=iphoneos*]" = "iPhone Developer";
				DEBUG_INFORMATION_FORMAT = "dwarf-with-dsym";
				DEVELOPMENT_TEAM = "";
				FRAMEWORK_SEARCH_PATHS = (
					"$(inherited)",
					"$(PROJECT_DIR)/Carthage/Build/iOS",
					"$(PROJECT_DIR)",
				);
				INFOPLIST_FILE = Rauchzeit/Info.plist;
				IPHONEOS_DEPLOYMENT_TARGET = 10.2;
				LD_RUNPATH_SEARCH_PATHS = "$(inherited) @executable_path/Frameworks";
				PRODUCT_BUNDLE_IDENTIFIER = io.bvr.rauchzeit;
				PRODUCT_NAME = "$(TARGET_NAME)";
				PROVISIONING_PROFILE = "";
				PROVISIONING_PROFILE_SPECIFIER = "";
				SWIFT_VERSION = 3.0;
				TARGETED_DEVICE_FAMILY = "1,2";
			};
			name = Debug;
		};
		FCE21B111E4B33840080BC06 /* Release */ = {
			isa = XCBuildConfiguration;
			buildSettings = {
				ASSETCATALOG_COMPILER_APPICON_NAME = AppIcon;
				CODE_SIGN_IDENTITY = "iPhone Developer";
				"CODE_SIGN_IDENTITY[sdk=iphoneos*]" = "iPhone Developer";
				DEBUG_INFORMATION_FORMAT = "dwarf-with-dsym";
				DEVELOPMENT_TEAM = "";
				FRAMEWORK_SEARCH_PATHS = (
					"$(inherited)",
					"$(PROJECT_DIR)/Carthage/Build/iOS",
					"$(PROJECT_DIR)",
				);
				INFOPLIST_FILE = Rauchzeit/Info.plist;
				IPHONEOS_DEPLOYMENT_TARGET = 10.2;
				LD_RUNPATH_SEARCH_PATHS = "$(inherited) @executable_path/Frameworks";
				PRODUCT_BUNDLE_IDENTIFIER = io.bvr.rauchzeit;
				PRODUCT_NAME = "$(TARGET_NAME)";
				PROVISIONING_PROFILE = "";
				PROVISIONING_PROFILE_SPECIFIER = "";
				SWIFT_VERSION = 3.0;
				TARGETED_DEVICE_FAMILY = "1,2";
			};
			name = Release;
		};
/* End XCBuildConfiguration section */

/* Begin XCConfigurationList section */
		FCE21AF81E4B33840080BC06 /* Build configuration list for PBXProject "Rauchzeit" */ = {
			isa = XCConfigurationList;
			buildConfigurations = (
				FCE21B0D1E4B33840080BC06 /* Debug */,
				FCE21B0E1E4B33840080BC06 /* Release */,
			);
			defaultConfigurationIsVisible = 0;
			defaultConfigurationName = Release;
		};
		FCE21B0F1E4B33840080BC06 /* Build configuration list for PBXNativeTarget "Rauchzeit" */ = {
			isa = XCConfigurationList;
			buildConfigurations = (
				FCE21B101E4B33840080BC06 /* Debug */,
				FCE21B111E4B33840080BC06 /* Release */,
			);
			defaultConfigurationIsVisible = 0;
			defaultConfigurationName = Release;
		};
/* End XCConfigurationList section */
	};
	rootObject = FCE21AF51E4B33840080BC06 /* Project object */;
}
